
Microsoft Visual Studio Solution File, Format Version 12.00
# Visual Studio Version 17
VisualStudioVersion = 17.5.33516.290
MinimumVisualStudioVersion = 10.0.40219.1
Project("{FAE04EC0-301F-11D3-BF4B-00C04F79EFBC}") = "RobotNavTest", "RobotNavTest\RobotNavTest.csproj", "{DE9394A3-1F4A-4CC3-99DF-FEFC0BCDAA11}"
EndProject
Global
	GlobalSection(SolutionConfigurationPlatforms) = preSolution
		Debug|Any CPU = Debug|Any CPU
		Release|Any CPU = Release|Any CPU
	EndGlobalSection
	GlobalSection(ProjectConfigurationPlatforms) = postSolution
		{DE9394A3-1F4A-4CC3-99DF-FEFC0BCDAA11}.Debug|Any CPU.ActiveCfg = Debug|Any CPU
		{DE9394A3-1F4A-4CC3-99DF-FEFC0BCDAA11}.Debug|Any CPU.Build.0 = Debug|Any CPU
		{DE9394A3-1F4A-4CC3-99DF-FEFC0BCDAA11}.Release|Any CPU.ActiveCfg = Release|Any CPU
		{DE9394A3-1F4A-4CC3-99DF-FEFC0BCDAA11}.Release|Any CPU.Build.0 = Release|Any CPU
	EndGlobalSection
	GlobalSection(SolutionProperties) = preSolution
		HideSolutionNode = FALSE
	EndGlobalSection
	GlobalSection(ExtensibilityGlobals) = postSolution
		SolutionGuid = {67F81C0C-185C-437A-B4FC-5029999EAD9C}
	EndGlobalSection
EndGlobal
